
Microsoft Visual Studio Solution File, Format Version 12.00
# Visual Studio 15
VisualStudioVersion = 15.0.26730.8
MinimumVisualStudioVersion = 10.0.40219.1
Project("{FAE04EC0-301F-11D3-BF4B-00C04F79EFBC}") = "StandardDemo.Android", "StandardDemo\StandardDemo.Android\StandardDemo.Android.csproj", "{AB173F6A-5DF5-4BC9-9650-C345C112DEE8}"
EndProject
Project("{FAE04EC0-301F-11D3-BF4B-00C04F79EFBC}") = "StandardDemo.UWP", "StandardDemo\StandardDemo.UWP\StandardDemo.UWP.csproj", "{9D1E998E-806D-4A4B-8C5A-24E892E56069}"
EndProject
Project("{FAE04EC0-301F-11D3-BF4B-00C04F79EFBC}") = "StandardDemo.iOS", "StandardDemo\StandardDemo.iOS\StandardDemo.iOS.csproj", "{D07816A3-5173-40E1-B3BA-984288214836}"
EndProject
Project("{FAE04EC0-301F-11D3-BF4B-00C04F79EFBC}") = "DotNetStandard", "DotNetStandard\DotNetStandard.csproj", "{2FD611AA-38A1-4514-8D99-28A94D402690}"
EndProject
Global
	GlobalSection(SolutionConfigurationPlatforms) = preSolution
		Ad-Hoc|Any CPU = Ad-Hoc|Any CPU
		Ad-Hoc|ARM = Ad-Hoc|ARM
		Ad-Hoc|iPhone = Ad-Hoc|iPhone
		Ad-Hoc|iPhoneSimulator = Ad-Hoc|iPhoneSimulator
		Ad-Hoc|x64 = Ad-Hoc|x64
		Ad-Hoc|x86 = Ad-Hoc|x86
		AppStore|Any CPU = AppStore|Any CPU
		AppStore|ARM = AppStore|ARM
		AppStore|iPhone = AppStore|iPhone
		AppStore|iPhoneSimulator = AppStore|iPhoneSimulator
		AppStore|x64 = AppStore|x64
		AppStore|x86 = AppStore|x86
		Debug|Any CPU = Debug|Any CPU
		Debug|ARM = Debug|ARM
		Debug|iPhone = Debug|iPhone
		Debug|iPhoneSimulator = Debug|iPhoneSimulator
		Debug|x64 = Debug|x64
		Debug|x86 = Debug|x86
		Release|Any CPU = Release|Any CPU
		Release|ARM = Release|ARM
		Release|iPhone = Release|iPhone
		Release|iPhoneSimulator = Release|iPhoneSimulator
		Release|x64 = Release|x64
		Release|x86 = Release|x86
	EndGlobalSection
	GlobalSection(ProjectConfigurationPlatforms) = postSolution
		{AB173F6A-5DF5-4BC9-9650-C345C112DEE8}.Ad-Hoc|Any CPU.ActiveCfg = Release|Any CPU
		{AB173F6A-5DF5-4BC9-9650-C345C112DEE8}.Ad-Hoc|Any CPU.Build.0 = Release|Any CPU
		{AB173F6A-5DF5-4BC9-9650-C345C112DEE8}.Ad-Hoc|Any CPU.Deploy.0 = Release|Any CPU
		{AB173F6A-5DF5-4BC9-9650-C345C112DEE8}.Ad-Hoc|ARM.ActiveCfg = Release|Any CPU
		{AB173F6A-5DF5-4BC9-9650-C345C112DEE8}.Ad-Hoc|ARM.Build.0 = Release|Any CPU
		{AB173F6A-5DF5-4BC9-9650-C345C112DEE8}.Ad-Hoc|ARM.Deploy.0 = Release|Any CPU
		{AB173F6A-5DF5-4BC9-9650-C345C112DEE8}.Ad-Hoc|iPhone.ActiveCfg = Release|Any CPU
		{AB173F6A-5DF5-4BC9-9650-C345C112DEE8}.Ad-Hoc|iPhone.Build.0 = Release|Any CPU
		{AB173F6A-5DF5-4BC9-9650-C345C112DEE8}.Ad-Hoc|iPhone.Deploy.0 = Release|Any CPU
		{AB173F6A-5DF5-4BC9-9650-C345C112DEE8}.Ad-Hoc|iPhoneSimulator.ActiveCfg = Release|Any CPU
		{AB173F6A-5DF5-4BC9-9650-C345C112DEE8}.Ad-Hoc|iPhoneSimulator.Build.0 = Release|Any CPU
		{AB173F6A-5DF5-4BC9-9650-C345C112DEE8}.Ad-Hoc|iPhoneSimulator.Deploy.0 = Release|Any CPU
		{AB173F6A-5DF5-4BC9-9650-C345C112DEE8}.Ad-Hoc|x64.ActiveCfg = Release|Any CPU
		{AB173F6A-5DF5-4BC9-9650-C345C112DEE8}.Ad-Hoc|x64.Build.0 = Release|Any CPU
		{AB173F6A-5DF5-4BC9-9650-C345C112DEE8}.Ad-Hoc|x64.Deploy.0 = Release|Any CPU
		{AB173F6A-5DF5-4BC9-9650-C345C112DEE8}.Ad-Hoc|x86.ActiveCfg = Release|Any CPU
		{AB173F6A-5DF5-4BC9-9650-C345C112DEE8}.Ad-Hoc|x86.Build.0 = Release|Any CPU
		{AB173F6A-5DF5-4BC9-9650-C345C112DEE8}.Ad-Hoc|x86.Deploy.0 = Release|Any CPU
		{AB173F6A-5DF5-4BC9-9650-C345C112DEE8}.AppStore|Any CPU.ActiveCfg = Release|Any CPU
		{AB173F6A-5DF5-4BC9-9650-C345C112DEE8}.AppStore|Any CPU.Build.0 = Release|Any CPU
		{AB173F6A-5DF5-4BC9-9650-C345C112DEE8}.AppStore|Any CPU.Deploy.0 = Release|Any CPU
		{AB173F6A-5DF5-4BC9-9650-C345C112DEE8}.AppStore|ARM.ActiveCfg = Release|Any CPU
		{AB173F6A-5DF5-4BC9-9650-C345C112DEE8}.AppStore|ARM.Build.0 = Release|Any CPU
		{AB173F6A-5DF5-4BC9-9650-C345C112DEE8}.AppStore|ARM.Deploy.0 = Release|Any CPU
		{AB173F6A-5DF5-4BC9-9650-C345C112DEE8}.AppStore|iPhone.ActiveCfg = Release|Any CPU
		{AB173F6A-5DF5-4BC9-9650-C345C112DEE8}.AppStore|iPhone.Build.0 = Release|Any CPU
		{AB173F6A-5DF5-4BC9-9650-C345C112DEE8}.AppStore|iPhone.Deploy.0 = Release|Any CPU
		{AB173F6A-5DF5-4BC9-9650-C345C112DEE8}.AppStore|iPhoneSimulator.ActiveCfg = Release|Any CPU
		{AB173F6A-5DF5-4BC9-9650-C345C112DEE8}.AppStore|iPhoneSimulator.Build.0 = Release|Any CPU
		{AB173F6A-5DF5-4BC9-9650-C345C112DEE8}.AppStore|iPhoneSimulator.Deploy.0 = Release|Any CPU
		{AB173F6A-5DF5-4BC9-9650-C345C112DEE8}.AppStore|x64.ActiveCfg = Release|Any CPU
		{AB173F6A-5DF5-4BC9-9650-C345C112DEE8}.AppStore|x64.Build.0 = Release|Any CPU
		{AB173F6A-5DF5-4BC9-9650-C345C112DEE8}.AppStore|x64.Deploy.0 = Release|Any CPU
		{AB173F6A-5DF5-4BC9-9650-C345C112DEE8}.AppStore|x86.ActiveCfg = Release|Any CPU
		{AB173F6A-5DF5-4BC9-9650-C345C112DEE8}.AppStore|x86.Build.0 = Release|Any CPU
		{AB173F6A-5DF5-4BC9-9650-C345C112DEE8}.AppStore|x86.Deploy.0 = Release|Any CPU
		{AB173F6A-5DF5-4BC9-9650-C345C112DEE8}.Debug|Any CPU.ActiveCfg = Debug|Any CPU
		{AB173F6A-5DF5-4BC9-9650-C345C112DEE8}.Debug|Any CPU.Build.0 = Debug|Any CPU
		{AB173F6A-5DF5-4BC9-9650-C345C112DEE8}.Debug|Any CPU.Deploy.0 = Debug|Any CPU
		{AB173F6A-5DF5-4BC9-9650-C345C112DEE8}.Debug|ARM.ActiveCfg = Debug|Any CPU
		{AB173F6A-5DF5-4BC9-9650-C345C112DEE8}.Debug|ARM.Build.0 = Debug|Any CPU
		{AB173F6A-5DF5-4BC9-9650-C345C112DEE8}.Debug|ARM.Deploy.0 = Debug|Any CPU
		{AB173F6A-5DF5-4BC9-9650-C345C112DEE8}.Debug|iPhone.ActiveCfg = Debug|Any CPU
		{AB173F6A-5DF5-4BC9-9650-C345C112DEE8}.Debug|iPhone.Build.0 = Debug|Any CPU
		{AB173F6A-5DF5-4BC9-9650-C345C112DEE8}.Debug|iPhone.Deploy.0 = Debug|Any CPU
		{AB173F6A-5DF5-4BC9-9650-C345C112DEE8}.Debug|iPhoneSimulator.ActiveCfg = Debug|Any CPU
		{AB173F6A-5DF5-4BC9-9650-C345C112DEE8}.Debug|iPhoneSimulator.Build.0 = Debug|Any CPU
		{AB173F6A-5DF5-4BC9-9650-C345C112DEE8}.Debug|iPhoneSimulator.Deploy.0 = Debug|Any CPU
		{AB173F6A-5DF5-4BC9-9650-C345C112DEE8}.Debug|x64.ActiveCfg = Debug|Any CPU
		{AB173F6A-5DF5-4BC9-9650-C345C112DEE8}.Debug|x64.Build.0 = Debug|Any CPU
		{AB173F6A-5DF5-4BC9-9650-C345C112DEE8}.Debug|x64.Deploy.0 = Debug|Any CPU
		{AB173F6A-5DF5-4BC9-9650-C345C112DEE8}.Debug|x86.ActiveCfg = Debug|Any CPU
		{AB173F6A-5DF5-4BC9-9650-C345C112DEE8}.Debug|x86.Build.0 = Debug|Any CPU
		{AB173F6A-5DF5-4BC9-9650-C345C112DEE8}.Debug|x86.Deploy.0 = Debug|Any CPU
		{AB173F6A-5DF5-4BC9-9650-C345C112DEE8}.Release|Any CPU.ActiveCfg = Release|Any CPU
		{AB173F6A-5DF5-4BC9-9650-C345C112DEE8}.Release|Any CPU.Build.0 = Release|Any CPU
		{AB173F6A-5DF5-4BC9-9650-C345C112DEE8}.Release|Any CPU.Deploy.0 = Release|Any CPU
		{AB173F6A-5DF5-4BC9-9650-C345C112DEE8}.Release|ARM.ActiveCfg = Release|Any CPU
		{AB173F6A-5DF5-4BC9-9650-C345C112DEE8}.Release|ARM.Build.0 = Release|Any CPU
		{AB173F6A-5DF5-4BC9-9650-C345C112DEE8}.Release|ARM.Deploy.0 = Release|Any CPU
		{AB173F6A-5DF5-4BC9-9650-C345C112DEE8}.Release|iPhone.ActiveCfg = Release|Any CPU
		{AB173F6A-5DF5-4BC9-9650-C345C112DEE8}.Release|iPhone.Build.0 = Release|Any CPU
		{AB173F6A-5DF5-4BC9-9650-C345C112DEE8}.Release|iPhone.Deploy.0 = Release|Any CPU
		{AB173F6A-5DF5-4BC9-9650-C345C112DEE8}.Release|iPhoneSimulator.ActiveCfg = Release|Any CPU
		{AB173F6A-5DF5-4BC9-9650-C345C112DEE8}.Release|iPhoneSimulator.Build.0 = Release|Any CPU
		{AB173F6A-5DF5-4BC9-9650-C345C112DEE8}.Release|iPhoneSimulator.Deploy.0 = Release|Any CPU
		{AB173F6A-5DF5-4BC9-9650-C345C112DEE8}.Release|x64.ActiveCfg = Release|Any CPU
		{AB173F6A-5DF5-4BC9-9650-C345C112DEE8}.Release|x64.Build.0 = Release|Any CPU
		{AB173F6A-5DF5-4BC9-9650-C345C112DEE8}.Release|x64.Deploy.0 = Release|Any CPU
		{AB173F6A-5DF5-4BC9-9650-C345C112DEE8}.Release|x86.ActiveCfg = Release|Any CPU
		{AB173F6A-5DF5-4BC9-9650-C345C112DEE8}.Release|x86.Build.0 = Release|Any CPU
		{AB173F6A-5DF5-4BC9-9650-C345C112DEE8}.Release|x86.Deploy.0 = Release|Any CPU
		{9D1E998E-806D-4A4B-8C5A-24E892E56069}.Ad-Hoc|Any CPU.ActiveCfg = Release|x86
		{9D1E998E-806D-4A4B-8C5A-24E892E56069}.Ad-Hoc|Any CPU.Build.0 = Release|x86
		{9D1E998E-806D-4A4B-8C5A-24E892E56069}.Ad-Hoc|Any CPU.Deploy.0 = Release|x86
		{9D1E998E-806D-4A4B-8C5A-24E892E56069}.Ad-Hoc|ARM.ActiveCfg = Release|ARM
		{9D1E998E-806D-4A4B-8C5A-24E892E56069}.Ad-Hoc|ARM.Build.0 = Release|ARM
		{9D1E998E-806D-4A4B-8C5A-24E892E56069}.Ad-Hoc|ARM.Deploy.0 = Release|ARM
		{9D1E998E-806D-4A4B-8C5A-24E892E56069}.Ad-Hoc|iPhone.ActiveCfg = Release|x86
		{9D1E998E-806D-4A4B-8C5A-24E892E56069}.Ad-Hoc|iPhone.Build.0 = Release|x86
		{9D1E998E-806D-4A4B-8C5A-24E892E56069}.Ad-Hoc|iPhone.Deploy.0 = Release|x86
		{9D1E998E-806D-4A4B-8C5A-24E892E56069}.Ad-Hoc|iPhoneSimulator.ActiveCfg = Release|x86
		{9D1E998E-806D-4A4B-8C5A-24E892E56069}.Ad-Hoc|iPhoneSimulator.Build.0 = Release|x86
		{9D1E998E-806D-4A4B-8C5A-24E892E56069}.Ad-Hoc|iPhoneSimulator.Deploy.0 = Release|x86
		{9D1E998E-806D-4A4B-8C5A-24E892E56069}.Ad-Hoc|x64.ActiveCfg = Release|x64
		{9D1E998E-806D-4A4B-8C5A-24E892E56069}.Ad-Hoc|x64.Build.0 = Release|x64
		{9D1E998E-806D-4A4B-8C5A-24E892E56069}.Ad-Hoc|x64.Deploy.0 = Release|x64
		{9D1E998E-806D-4A4B-8C5A-24E892E56069}.Ad-Hoc|x86.ActiveCfg = Release|x86
		{9D1E998E-806D-4A4B-8C5A-24E892E56069}.Ad-Hoc|x86.Build.0 = Release|x86
		{9D1E998E-806D-4A4B-8C5A-24E892E56069}.Ad-Hoc|x86.Deploy.0 = Release|x86
		{9D1E998E-806D-4A4B-8C5A-24E892E56069}.AppStore|Any CPU.ActiveCfg = Release|x86
		{9D1E998E-806D-4A4B-8C5A-24E892E56069}.AppStore|Any CPU.Build.0 = Release|x86
		{9D1E998E-806D-4A4B-8C5A-24E892E56069}.AppStore|Any CPU.Deploy.0 = Release|x86
		{9D1E998E-806D-4A4B-8C5A-24E892E56069}.AppStore|ARM.ActiveCfg = Release|ARM
		{9D1E998E-806D-4A4B-8C5A-24E892E56069}.AppStore|ARM.Build.0 = Release|ARM
		{9D1E998E-806D-4A4B-8C5A-24E892E56069}.AppStore|ARM.Deploy.0 = Release|ARM
		{9D1E998E-806D-4A4B-8C5A-24E892E56069}.AppStore|iPhone.ActiveCfg = Release|x86
		{9D1E998E-806D-4A4B-8C5A-24E892E56069}.AppStore|iPhone.Build.0 = Release|x86
		{9D1E998E-806D-4A4B-8C5A-24E892E56069}.AppStore|iPhone.Deploy.0 = Release|x86
		{9D1E998E-806D-4A4B-8C5A-24E892E56069}.AppStore|iPhoneSimulator.ActiveCfg = Release|x86
		{9D1E998E-806D-4A4B-8C5A-24E892E56069}.AppStore|iPhoneSimulator.Build.0 = Release|x86
		{9D1E998E-806D-4A4B-8C5A-24E892E56069}.AppStore|iPhoneSimulator.Deploy.0 = Release|x86
		{9D1E998E-806D-4A4B-8C5A-24E892E56069}.AppStore|x64.ActiveCfg = Release|x64
		{9D1E998E-806D-4A4B-8C5A-24E892E56069}.AppStore|x64.Build.0 = Release|x64
		{9D1E998E-806D-4A4B-8C5A-24E892E56069}.AppStore|x64.Deploy.0 = Release|x64
		{9D1E998E-806D-4A4B-8C5A-24E892E56069}.AppStore|x86.ActiveCfg = Release|x86
		{9D1E998E-806D-4A4B-8C5A-24E892E56069}.AppStore|x86.Build.0 = Release|x86
		{9D1E998E-806D-4A4B-8C5A-24E892E56069}.AppStore|x86.Deploy.0 = Release|x86
		{9D1E998E-806D-4A4B-8C5A-24E892E56069}.Debug|Any CPU.ActiveCfg = Debug|x86
		{9D1E998E-806D-4A4B-8C5A-24E892E56069}.Debug|ARM.ActiveCfg = Debug|ARM
		{9D1E998E-806D-4A4B-8C5A-24E892E56069}.Debug|ARM.Build.0 = Debug|ARM
		{9D1E998E-806D-4A4B-8C5A-24E892E56069}.Debug|ARM.Deploy.0 = Debug|ARM
		{9D1E998E-806D-4A4B-8C5A-24E892E56069}.Debug|iPhone.ActiveCfg = Debug|x86
		{9D1E998E-806D-4A4B-8C5A-24E892E56069}.Debug|iPhoneSimulator.ActiveCfg = Debug|x86
		{9D1E998E-806D-4A4B-8C5A-24E892E56069}.Debug|x64.ActiveCfg = Debug|x64
		{9D1E998E-806D-4A4B-8C5A-24E892E56069}.Debug|x64.Build.0 = Debug|x64
		{9D1E998E-806D-4A4B-8C5A-24E892E56069}.Debug|x64.Deploy.0 = Debug|x64
		{9D1E998E-806D-4A4B-8C5A-24E892E56069}.Debug|x86.ActiveCfg = Debug|x86
		{9D1E998E-806D-4A4B-8C5A-24E892E56069}.Debug|x86.Build.0 = Debug|x86
		{9D1E998E-806D-4A4B-8C5A-24E892E56069}.Debug|x86.Deploy.0 = Debug|x86
		{9D1E998E-806D-4A4B-8C5A-24E892E56069}.Release|Any CPU.ActiveCfg = Release|x86
		{9D1E998E-806D-4A4B-8C5A-24E892E56069}.Release|ARM.ActiveCfg = Release|ARM
		{9D1E998E-806D-4A4B-8C5A-24E892E56069}.Release|ARM.Build.0 = Release|ARM
		{9D1E998E-806D-4A4B-8C5A-24E892E56069}.Release|ARM.Deploy.0 = Release|ARM
		{9D1E998E-806D-4A4B-8C5A-24E892E56069}.Release|iPhone.ActiveCfg = Release|x86
		{9D1E998E-806D-4A4B-8C5A-24E892E56069}.Release|iPhoneSimulator.ActiveCfg = Release|x86
		{9D1E998E-806D-4A4B-8C5A-24E892E56069}.Release|x64.ActiveCfg = Release|x64
		{9D1E998E-806D-4A4B-8C5A-24E892E56069}.Release|x64.Build.0 = Release|x64
		{9D1E998E-806D-4A4B-8C5A-24E892E56069}.Release|x64.Deploy.0 = Release|x64
		{9D1E998E-806D-4A4B-8C5A-24E892E56069}.Release|x86.ActiveCfg = Release|x86
		{9D1E998E-806D-4A4B-8C5A-24E892E56069}.Release|x86.Build.0 = Release|x86
		{9D1E998E-806D-4A4B-8C5A-24E892E56069}.Release|x86.Deploy.0 = Release|x86
		{D07816A3-5173-40E1-B3BA-984288214836}.Ad-Hoc|Any CPU.ActiveCfg = Ad-Hoc|iPhone
		{D07816A3-5173-40E1-B3BA-984288214836}.Ad-Hoc|ARM.ActiveCfg = Ad-Hoc|iPhone
		{D07816A3-5173-40E1-B3BA-984288214836}.Ad-Hoc|iPhone.ActiveCfg = Ad-Hoc|iPhone
		{D07816A3-5173-40E1-B3BA-984288214836}.Ad-Hoc|iPhone.Build.0 = Ad-Hoc|iPhone
		{D07816A3-5173-40E1-B3BA-984288214836}.Ad-Hoc|iPhoneSimulator.ActiveCfg = Ad-Hoc|iPhoneSimulator
		{D07816A3-5173-40E1-B3BA-984288214836}.Ad-Hoc|iPhoneSimulator.Build.0 = Ad-Hoc|iPhoneSimulator
		{D07816A3-5173-40E1-B3BA-984288214836}.Ad-Hoc|x64.ActiveCfg = Ad-Hoc|iPhone
		{D07816A3-5173-40E1-B3BA-984288214836}.Ad-Hoc|x86.ActiveCfg = Ad-Hoc|iPhone
		{D07816A3-5173-40E1-B3BA-984288214836}.AppStore|Any CPU.ActiveCfg = AppStore|iPhone
		{D07816A3-5173-40E1-B3BA-984288214836}.AppStore|ARM.ActiveCfg = AppStore|iPhone
		{D07816A3-5173-40E1-B3BA-984288214836}.AppStore|iPhone.ActiveCfg = AppStore|iPhone
		{D07816A3-5173-40E1-B3BA-984288214836}.AppStore|iPhone.Build.0 = AppStore|iPhone
		{D07816A3-5173-40E1-B3BA-984288214836}.AppStore|iPhoneSimulator.ActiveCfg = AppStore|iPhoneSimulator
		{D07816A3-5173-40E1-B3BA-984288214836}.AppStore|iPhoneSimulator.Build.0 = AppStore|iPhoneSimulator
		{D07816A3-5173-40E1-B3BA-984288214836}.AppStore|x64.ActiveCfg = AppStore|iPhone
		{D07816A3-5173-40E1-B3BA-984288214836}.AppStore|x86.ActiveCfg = AppStore|iPhone
		{D07816A3-5173-40E1-B3BA-984288214836}.Debug|Any CPU.ActiveCfg = Debug|iPhone
		{D07816A3-5173-40E1-B3BA-984288214836}.Debug|ARM.ActiveCfg = Debug|iPhone
		{D07816A3-5173-40E1-B3BA-984288214836}.Debug|iPhone.ActiveCfg = Debug|iPhone
		{D07816A3-5173-40E1-B3BA-984288214836}.Debug|iPhone.Build.0 = Debug|iPhone
		{D07816A3-5173-40E1-B3BA-984288214836}.Debug|iPhoneSimulator.ActiveCfg = Debug|iPhoneSimulator
		{D07816A3-5173-40E1-B3BA-984288214836}.Debug|iPhoneSimulator.Build.0 = Debug|iPhoneSimulator
		{D07816A3-5173-40E1-B3BA-984288214836}.Debug|x64.ActiveCfg = Debug|iPhone
		{D07816A3-5173-40E1-B3BA-984288214836}.Debug|x86.ActiveCfg = Debug|iPhone
		{D07816A3-5173-40E1-B3BA-984288214836}.Release|Any CPU.ActiveCfg = Release|iPhone
		{D07816A3-5173-40E1-B3BA-984288214836}.Release|ARM.ActiveCfg = Release|iPhone
		{D07816A3-5173-40E1-B3BA-984288214836}.Release|iPhone.ActiveCfg = Release|iPhone
		{D07816A3-5173-40E1-B3BA-984288214836}.Release|iPhone.Build.0 = Release|iPhone
		{D07816A3-5173-40E1-B3BA-984288214836}.Release|iPhoneSimulator.ActiveCfg = Release|iPhoneSimulator
		{D07816A3-5173-40E1-B3BA-984288214836}.Release|iPhoneSimulator.Build.0 = Release|iPhoneSimulator
		{D07816A3-5173-40E1-B3BA-984288214836}.Release|x64.ActiveCfg = Release|iPhone
		{D07816A3-5173-40E1-B3BA-984288214836}.Release|x86.ActiveCfg = Release|iPhone
		{2FD611AA-38A1-4514-8D99-28A94D402690}.Ad-Hoc|Any CPU.ActiveCfg = Debug|Any CPU
		{2FD611AA-38A1-4514-8D99-28A94D402690}.Ad-Hoc|Any CPU.Build.0 = Debug|Any CPU
		{2FD611AA-38A1-4514-8D99-28A94D402690}.Ad-Hoc|ARM.ActiveCfg = Debug|Any CPU
		{2FD611AA-38A1-4514-8D99-28A94D402690}.Ad-Hoc|ARM.Build.0 = Debug|Any CPU
		{2FD611AA-38A1-4514-8D99-28A94D402690}.Ad-Hoc|iPhone.ActiveCfg = Debug|Any CPU
		{2FD611AA-38A1-4514-8D99-28A94D402690}.Ad-Hoc|iPhone.Build.0 = Debug|Any CPU
		{2FD611AA-38A1-4514-8D99-28A94D402690}.Ad-Hoc|iPhoneSimulator.ActiveCfg = Debug|Any CPU
		{2FD611AA-38A1-4514-8D99-28A94D402690}.Ad-Hoc|iPhoneSimulator.Build.0 = Debug|Any CPU
		{2FD611AA-38A1-4514-8D99-28A94D402690}.Ad-Hoc|x64.ActiveCfg = Debug|Any CPU
		{2FD611AA-38A1-4514-8D99-28A94D402690}.Ad-Hoc|x64.Build.0 = Debug|Any CPU
		{2FD611AA-38A1-4514-8D99-28A94D402690}.Ad-Hoc|x86.ActiveCfg = Debug|Any CPU
		{2FD611AA-38A1-4514-8D99-28A94D402690}.Ad-Hoc|x86.Build.0 = Debug|Any CPU
		{2FD611AA-38A1-4514-8D99-28A94D402690}.AppStore|Any CPU.ActiveCfg = Debug|Any CPU
		{2FD611AA-38A1-4514-8D99-28A94D402690}.AppStore|Any CPU.Build.0 = Debug|Any CPU
		{2FD611AA-38A1-4514-8D99-28A94D402690}.AppStore|ARM.ActiveCfg = Debug|Any CPU
		{2FD611AA-38A1-4514-8D99-28A94D402690}.AppStore|ARM.Build.0 = Debug|Any CPU
		{2FD611AA-38A1-4514-8D99-28A94D402690}.AppStore|iPhone.ActiveCfg = Debug|Any CPU
		{2FD611AA-38A1-4514-8D99-28A94D402690}.AppStore|iPhone.Build.0 = Debug|Any CPU
		{2FD611AA-38A1-4514-8D99-28A94D402690}.AppStore|iPhoneSimulator.ActiveCfg = Debug|Any CPU
		{2FD611AA-38A1-4514-8D99-28A94D402690}.AppStore|iPhoneSimulator.Build.0 = Debug|Any CPU
		{2FD611AA-38A1-4514-8D99-28A94D402690}.AppStore|x64.ActiveCfg = Debug|Any CPU
		{2FD611AA-38A1-4514-8D99-28A94D402690}.AppStore|x64.Build.0 = Debug|Any CPU
		{2FD611AA-38A1-4514-8D99-28A94D402690}.AppStore|x86.ActiveCfg = Debug|Any CPU
		{2FD611AA-38A1-4514-8D99-28A94D402690}.AppStore|x86.Build.0 = Debug|Any CPU
		{2FD611AA-38A1-4514-8D99-28A94D402690}.Debug|Any CPU.ActiveCfg = Debug|Any CPU
		{2FD611AA-38A1-4514-8D99-28A94D402690}.Debug|Any CPU.Build.0 = Debug|Any CPU
		{2FD611AA-38A1-4514-8D99-28A94D402690}.Debug|ARM.ActiveCfg = Debug|Any CPU
		{2FD611AA-38A1-4514-8D99-28A94D402690}.Debug|ARM.Build.0 = Debug|Any CPU
		{2FD611AA-38A1-4514-8D99-28A94D402690}.Debug|iPhone.ActiveCfg = Debug|Any CPU
		{2FD611AA-38A1-4514-8D99-28A94D402690}.Debug|iPhone.Build.0 = Debug|Any CPU
		{2FD611AA-38A1-4514-8D99-28A94D402690}.Debug|iPhoneSimulator.ActiveCfg = Debug|Any CPU
		{2FD611AA-38A1-4514-8D99-28A94D402690}.Debug|iPhoneSimulator.Build.0 = Debug|Any CPU
		{2FD611AA-38A1-4514-8D99-28A94D402690}.Debug|x64.ActiveCfg = Debug|Any CPU
		{2FD611AA-38A1-4514-8D99-28A94D402690}.Debug|x64.Build.0 = Debug|Any CPU
		{2FD611AA-38A1-4514-8D99-28A94D402690}.Debug|x86.ActiveCfg = Debug|Any CPU
		{2FD611AA-38A1-4514-8D99-28A94D402690}.Debug|x86.Build.0 = Debug|Any CPU
		{2FD611AA-38A1-4514-8D99-28A94D402690}.Release|Any CPU.ActiveCfg = Release|Any CPU
		{2FD611AA-38A1-4514-8D99-28A94D402690}.Release|Any CPU.Build.0 = Release|Any CPU
		{2FD611AA-38A1-4514-8D99-28A94D402690}.Release|ARM.ActiveCfg = Release|Any CPU
		{2FD611AA-38A1-4514-8D99-28A94D402690}.Release|ARM.Build.0 = Release|Any CPU
		{2FD611AA-38A1-4514-8D99-28A94D402690}.Release|iPhone.ActiveCfg = Release|Any CPU
		{2FD611AA-38A1-4514-8D99-28A94D402690}.Release|iPhone.Build.0 = Release|Any CPU
		{2FD611AA-38A1-4514-8D99-28A94D402690}.Release|iPhoneSimulator.ActiveCfg = Release|Any CPU
		{2FD611AA-38A1-4514-8D99-28A94D402690}.Release|iPhoneSimulator.Build.0 = Release|Any CPU
		{2FD611AA-38A1-4514-8D99-28A94D402690}.Release|x64.ActiveCfg = Release|Any CPU
		{2FD611AA-38A1-4514-8D99-28A94D402690}.Release|x64.Build.0 = Release|Any CPU
		{2FD611AA-38A1-4514-8D99-28A94D402690}.Release|x86.ActiveCfg = Release|Any CPU
		{2FD611AA-38A1-4514-8D99-28A94D402690}.Release|x86.Build.0 = Release|Any CPU
	EndGlobalSection
	GlobalSection(SolutionProperties) = preSolution
		HideSolutionNode = FALSE
	EndGlobalSection
	GlobalSection(ExtensibilityGlobals) = postSolution
		SolutionGuid = {A437A4CB-20E9-4A1E-A75D-32052EF4ACB2}
	EndGlobalSection
EndGlobal
